
Microsoft Visual Studio Solution File, Format Version 12.00
# Visual Studio 15
VisualStudioVersion = 15.0.27703.2047
MinimumVisualStudioVersion = 10.0.40219.1
Project("{FAE04EC0-301F-11D3-BF4B-00C04F79EFBC}") = "keptAPI", "keptAPI\keptAPI.csproj", "{1CB39CFB-D710-4FF1-94AC-EB2042F458FB}"
EndProject
Global
	GlobalSection(SolutionConfigurationPlatforms) = preSolution
		Debug|Any CPU = Debug|Any CPU
		Release|Any CPU = Release|Any CPU
	EndGlobalSection
	GlobalSection(ProjectConfigurationPlatforms) = postSolution
		{1CB39CFB-D710-4FF1-94AC-EB2042F458FB}.Debug|Any CPU.ActiveCfg = Debug|Any CPU
		{1CB39CFB-D710-4FF1-94AC-EB2042F458FB}.Debug|Any CPU.Build.0 = Debug|Any CPU
		{1CB39CFB-D710-4FF1-94AC-EB2042F458FB}.Release|Any CPU.ActiveCfg = Release|Any CPU
		{1CB39CFB-D710-4FF1-94AC-EB2042F458FB}.Release|Any CPU.Build.0 = Release|Any CPU
	EndGlobalSection
	GlobalSection(SolutionProperties) = preSolution
		HideSolutionNode = FALSE
	EndGlobalSection
	GlobalSection(ExtensibilityGlobals) = postSolution
		SolutionGuid = {8C848C2E-EC4D-453B-A254-55628AFCDA3D}
	EndGlobalSection
EndGlobal
